
Microsoft Visual Studio Solution File, Format Version 12.00
# Visual Studio Version 17
VisualStudioVersion = 17.0.31903.59
MinimumVisualStudioVersion = 10.0.40219.1
Project("{FAE04EC0-301F-11D3-BF4B-00C04F79EFBC}") = "FizzBuzzLibrary", "FizzBuzzLibrary\FizzBuzzLibrary.csproj", "{CA63C134-6164-4778-BA63-02F32292D533}"
EndProject
Project("{FAE04EC0-301F-11D3-BF4B-00C04F79EFBC}") = "FizzBuzzTests", "FizzBuzzTests\FizzBuzzTests.csproj", "{D10E89BB-AAF9-4829-9509-3CD02D0798D4}"
EndProject
Project("{FAE04EC0-301F-11D3-BF4B-00C04F79EFBC}") = "FizzBuzzMvc", "FizzBuzzMvc\FizzBuzzMvc.csproj", "{A0744529-16AC-4708-B187-048045312DDC}"
EndProject
Global
	GlobalSection(SolutionConfigurationPlatforms) = preSolution
		Debug|Any CPU = Debug|Any CPU
		Release|Any CPU = Release|Any CPU
	EndGlobalSection
	GlobalSection(SolutionProperties) = preSolution
		HideSolutionNode = FALSE
	EndGlobalSection
	GlobalSection(ProjectConfigurationPlatforms) = postSolution
		{CA63C134-6164-4778-BA63-02F32292D533}.Debug|Any CPU.ActiveCfg = Debug|Any CPU
		{CA63C134-6164-4778-BA63-02F32292D533}.Debug|Any CPU.Build.0 = Debug|Any CPU
		{CA63C134-6164-4778-BA63-02F32292D533}.Release|Any CPU.ActiveCfg = Release|Any CPU
		{CA63C134-6164-4778-BA63-02F32292D533}.Release|Any CPU.Build.0 = Release|Any CPU
		{D10E89BB-AAF9-4829-9509-3CD02D0798D4}.Debug|Any CPU.ActiveCfg = Debug|Any CPU
		{D10E89BB-AAF9-4829-9509-3CD02D0798D4}.Debug|Any CPU.Build.0 = Debug|Any CPU
		{D10E89BB-AAF9-4829-9509-3CD02D0798D4}.Release|Any CPU.ActiveCfg = Release|Any CPU
		{D10E89BB-AAF9-4829-9509-3CD02D0798D4}.Release|Any CPU.Build.0 = Release|Any CPU
		{A0744529-16AC-4708-B187-048045312DDC}.Debug|Any CPU.ActiveCfg = Debug|Any CPU
		{A0744529-16AC-4708-B187-048045312DDC}.Debug|Any CPU.Build.0 = Debug|Any CPU
		{A0744529-16AC-4708-B187-048045312DDC}.Release|Any CPU.ActiveCfg = Release|Any CPU
		{A0744529-16AC-4708-B187-048045312DDC}.Release|Any CPU.Build.0 = Release|Any CPU
	EndGlobalSection
EndGlobal
